// !$*UTF8*$!
{
	archiveVersion = 1;
	classes = {
	};
	objectVersion = 46;
	objects = {

/* Begin PBXBuildFile section */
		B218440E1C51B97900EDF327 /* AppDelegate.swift in Sources */ = {isa = PBXBuildFile; fileRef = B218440D1C51B97900EDF327 /* AppDelegate.swift */; };
		B21844101C51B97900EDF327 /* ViewController.swift in Sources */ = {isa = PBXBuildFile; fileRef = B218440F1C51B97900EDF327 /* ViewController.swift */; };
		B21844131C51B97900EDF327 /* Main.storyboard in Resources */ = {isa = PBXBuildFile; fileRef = B21844111C51B97900EDF327 /* Main.storyboard */; };
		B21844151C51B97900EDF327 /* Assets.xcassets in Resources */ = {isa = PBXBuildFile; fileRef = B21844141C51B97900EDF327 /* Assets.xcassets */; };
		B21844181C51B97900EDF327 /* LaunchScreen.storyboard in Resources */ = {isa = PBXBuildFile; fileRef = B21844161C51B97900EDF327 /* LaunchScreen.storyboard */; };
		B21844211C51C34400EDF327 /* Weather.swift in Sources */ = {isa = PBXBuildFile; fileRef = B21844201C51C34400EDF327 /* Weather.swift */; };
/* End PBXBuildFile section */

/* Begin PBXFileReference section */
		B218440A1C51B97900EDF327 /* weatherApp.app */ = {isa = PBXFileReference; explicitFileType = wrapper.application; includeInIndex = 0; path = weatherApp.app; sourceTree = BUILT_PRODUCTS_DIR; };
		B218440D1C51B97900EDF327 /* AppDelegate.swift */ = {isa = PBXFileReference; lastKnownFileType = sourcecode.swift; path = AppDelegate.swift; sourceTree = "<group>"; };
		B218440F1C51B97900EDF327 /* ViewController.swift */ = {isa = PBXFileReference; lastKnownFileType = sourcecode.swift; path = ViewController.swift; sourceTree = "<group>"; };
		B21844121C51B97900EDF327 /* Base */ = {isa = PBXFileReference; lastKnownFileType = file.storyboard; name = Base; path = Base.lproj/Main.storyboard; sourceTree = "<group>"; };
		B21844141C51B97900EDF327 /* Assets.xcassets */ = {isa = PBXFileReference; lastKnownFileType = folder.assetcatalog; path = Assets.xcassets; sourceTree = "<group>"; };
		B21844171C51B97900EDF327 /* Base */ = {isa = PBXFileReference; lastKnownFileType = file.storyboard; name = Base; path = Base.lproj/LaunchScreen.storyboard; sourceTree = "<group>"; };
		B21844191C51B97900EDF327 /* Info.plist */ = {isa = PBXFileReference; lastKnownFileType = text.plist.xml; path = Info.plist; sourceTree = "<group>"; };
		B21844201C51C34400EDF327 /* Weather.swift */ = {isa = PBXFileReference; fileEncoding = 4; lastKnownFileType = sourcecode.swift; path = Weather.swift; sourceTree = "<group>"; };
/* End PBXFileReference section */

/* Begin PBXFrameworksBuildPhase section */
		B21844071C51B97900EDF327 /* Frameworks */ = {
			isa = PBXFrameworksBuildPhase;
			buildActionMask = 2147483647;
			files = (
			);
			runOnlyForDeploymentPostprocessing = 0;
		};
/* End PBXFrameworksBuildPhase section */

/* Begin PBXGroup section */
		B21844011C51B97900EDF327 = {
			isa = PBXGroup;
			children = (
				B218440C1C51B97900EDF327 /* weatherApp */,
				B218440B1C51B97900EDF327 /* Products */,
			);
			sourceTree = "<group>";
		};
		B218440B1C51B97900EDF327 /* Products */ = {
			isa = PBXGroup;
			children = (
				B218440A1C51B97900EDF327 /* weatherApp.app */,
			);
			name = Products;
			sourceTree = "<group>";
		};
		B218440C1C51B97900EDF327 /* weatherApp */ = {
			isa = PBXGroup;
			children = (
				B21844221C51C3CA00EDF327 /* Util */,
				B218441F1C51C2F800EDF327 /* Model */,
				B21844231C51C41100EDF327 /* Controller */,
				B218440D1C51B97900EDF327 /* AppDelegate.swift */,
				B21844111C51B97900EDF327 /* Main.storyboard */,
				B21844141C51B97900EDF327 /* Assets.xcassets */,
				B21844161C51B97900EDF327 /* LaunchScreen.storyboard */,
				B21844191C51B97900EDF327 /* Info.plist */,
			);
			path = weatherApp;
			sourceTree = "<group>";
		};
		B218441F1C51C2F800EDF327 /* Model */ = {
			isa = PBXGroup;
			children = (
				B21844201C51C34400EDF327 /* Weather.swift */,
			);
			name = Model;
			sourceTree = "<group>";
		};
		B21844221C51C3CA00EDF327 /* Util */ = {
			isa = PBXGroup;
			children = (
			);
			name = Util;
			sourceTree = "<group>";
		};
		B21844231C51C41100EDF327 /* Controller */ = {
			isa = PBXGroup;
			children = (
				B218440F1C51B97900EDF327 /* ViewController.swift */,
			);
			name = Controller;
			sourceTree = "<group>";
		};
/* End PBXGroup section */

/* Begin PBXNativeTarget section */
		B21844091C51B97900EDF327 /* weatherApp */ = {
			isa = PBXNativeTarget;
			buildConfigurationList = B218441C1C51B97900EDF327 /* Build configuration list for PBXNativeTarget "weatherApp" */;
			buildPhases = (
				B21844061C51B97900EDF327 /* Sources */,
				B21844071C51B97900EDF327 /* Frameworks */,
				B21844081C51B97900EDF327 /* Resources */,
			);
			buildRules = (
			);
			dependencies = (
			);
			name = weatherApp;
			productName = weatherApp;
			productReference = B218440A1C51B97900EDF327 /* weatherApp.app */;
			productType = "com.apple.product-type.application";
		};
/* End PBXNativeTarget section */

/* Begin PBXProject section */
		B21844021C51B97900EDF327 /* Project object */ = {
			isa = PBXProject;
			attributes = {
				LastSwiftUpdateCheck = 0720;
				LastUpgradeCheck = 0720;
				ORGANIZATIONNAME = StollenSoft;
				TargetAttributes = {
					B21844091C51B97900EDF327 = {
						CreatedOnToolsVersion = 7.2;
					};
				};
			};
			buildConfigurationList = B21844051C51B97900EDF327 /* Build configuration list for PBXProject "weatherApp" */;
			compatibilityVersion = "Xcode 3.2";
			developmentRegion = English;
			hasScannedForEncodings = 0;
			knownRegions = (
				en,
				Base,
			);
			mainGroup = B21844011C51B97900EDF327;
			productRefGroup = B218440B1C51B97900EDF327 /* Products */;
			projectDirPath = "";
			projectRoot = "";
			targets = (
				B21844091C51B97900EDF327 /* weatherApp */,
			);
		};
/* End PBXProject section */

/* Begin PBXResourcesBuildPhase section */
		B21844081C51B97900EDF327 /* Resources */ = {
			isa = PBXResourcesBuildPhase;
			buildActionMask = 2147483647;
			files = (
				B21844181C51B97900EDF327 /* LaunchScreen.storyboard in Resources */,
				B21844151C51B97900EDF327 /* Assets.xcassets in Resources */,
				B21844131C51B97900EDF327 /* Main.storyboard in Resources */,
			);
			runOnlyForDeploymentPostprocessing = 0;
		};
/* End PBXResourcesBuildPhase section */

/* Begin PBXSourcesBuildPhase section */
		B21844061C51B97900EDF327 /* Sources */ = {
			isa = PBXSourcesBuildPhase;
			buildActionMask = 2147483647;
			files = (
				B21844101C51B97900EDF327 /* ViewController.swift in Sources */,
				B21844211C51C34400EDF327 /* Weather.swift in Sources */,
				B218440E1C51B97900EDF327 /* AppDelegate.swift in Sources */,
			);
			runOnlyForDeploymentPostprocessing = 0;
		};
/* End PBXSourcesBuildPhase section */

/* Begin PBXVariantGroup section */
		B21844111C51B97900EDF327 /* Main.storyboard */ = {
			isa = PBXVariantGroup;
			children = (
				B21844121C51B97900EDF327 /* Base */,
			);
			name = Main.storyboard;
			sourceTree = "<group>";
		};
		B21844161C51B97900EDF327 /* LaunchScreen.storyboard */ = {
			isa = PBXVariantGroup;
			children = (
				B21844171C51B97900EDF327 /* Base */,
			);
			name = LaunchScreen.storyboard;
			sourceTree = "<group>";
		};
/* End PBXVariantGroup section */

/* Begin XCBuildConfiguration section */
		B218441A1C51B97900EDF327 /* Debug */ = {
			isa = XCBuildConfiguration;
			buildSettings = {
				ALWAYS_SEARCH_USER_PATHS = NO;
				CLANG_CXX_LANGUAGE_STANDARD = "gnu++0x";
				CLANG_CXX_LIBRARY = "libc++";
				CLANG_ENABLE_MODULES = YES;
				CLANG_ENABLE_OBJC_ARC = YES;
				CLANG_WARN_BOOL_CONVERSION = YES;
				CLANG_WARN_CONSTANT_CONVERSION = YES;
				CLANG_WARN_DIRECT_OBJC_ISA_USAGE = YES_ERROR;
				CLANG_WARN_EMPTY_BODY = YES;
				CLANG_WARN_ENUM_CONVERSION = YES;
				CLANG_WARN_INT_CONVERSION = YES;
				CLANG_WARN_OBJC_ROOT_CLASS = YES_ERROR;
				CLANG_WARN_UNREACHABLE_CODE = YES;
				CLANG_WARN__DUPLICATE_METHOD_MATCH = YES;
				"CODE_SIGN_IDENTITY[sdk=iphoneos*]" = "iPhone Developer";
				COPY_PHASE_STRIP = NO;
				DEBUG_INFORMATION_FORMAT = dwarf;
				ENABLE_STRICT_OBJC_MSGSEND = YES;
				ENABLE_TESTABILITY = YES;
				GCC_C_LANGUAGE_STANDARD = gnu99;
				GCC_DYNAMIC_NO_PIC = NO;
				GCC_NO_COMMON_BLOCKS = YES;
				GCC_OPTIMIZATION_LEVEL = 0;
				GCC_PREPROCESSOR_DEFINITIONS = (
					"DEBUG=1",
					"$(inherited)",
				);
				GCC_WARN_64_TO_32_BIT_CONVERSION = YES;
				GCC_WARN_ABOUT_RETURN_TYPE = YES_ERROR;
				GCC_WARN_UNDECLARED_SELECTOR = YES;
				GCC_WARN_UNINITIALIZED_AUTOS = YES_AGGRESSIVE;
				GCC_WARN_UNUSED_FUNCTION = YES;
				GCC_WARN_UNUSED_VARIABLE = YES;
				IPHONEOS_DEPLOYMENT_TARGET = 9.2;
				MTL_ENABLE_DEBUG_INFO = YES;
				ONLY_ACTIVE_ARCH = YES;
				SDKROOT = iphoneos;
				SWIFT_OPTIMIZATION_LEVEL = "-Onone";
				TARGETED_DEVICE_FAMILY = "1,2";
			};
			name = Debug;
		};
		B218441B1C51B97900EDF327 /* Release */ = {
			isa = XCBuildConfiguration;
			buildSettings = {
				ALWAYS_SEARCH_USER_PATHS = NO;
				CLANG_CXX_LANGUAGE_STANDARD = "gnu++0x";
				CLANG_CXX_LIBRARY = "libc++";
				CLANG_ENABLE_MODULES = YES;
				CLANG_ENABLE_OBJC_ARC = YES;
				CLANG_WARN_BOOL_CONVERSION = YES;
				CLANG_WARN_CONSTANT_CONVERSION = YES;
				CLANG_WARN_DIRECT_OBJC_ISA_USAGE = YES_ERROR;
				CLANG_WARN_EMPTY_BODY = YES;
				CLANG_WARN_ENUM_CONVERSION = YES;
				CLANG_WARN_INT_CONVERSION = YES;
				CLANG_WARN_OBJC_ROOT_CLASS = YES_ERROR;
				CLANG_WARN_UNREACHABLE_CODE = YES;
				CLANG_WARN__DUPLICATE_METHOD_MATCH = YES;
				"CODE_SIGN_IDENTITY[sdk=iphoneos*]" = "iPhone Developer";
				COPY_PHASE_STRIP = NO;
				DEBUG_INFORMATION_FORMAT = "dwarf-with-dsym";
				ENABLE_NS_ASSERTIONS = NO;
				ENABLE_STRICT_OBJC_MSGSEND = YES;
				GCC_C_LANGUAGE_STANDARD = gnu99;
				GCC_NO_COMMON_BLOCKS = YES;
				GCC_WARN_64_TO_32_BIT_CONVERSION = YES;
				GCC_WARN_ABOUT_RETURN_TYPE = YES_ERROR;
				GCC_WARN_UNDECLARED_SELECTOR = YES;
				GCC_WARN_UNINITIALIZED_AUTOS = YES_AGGRESSIVE;
				GCC_WARN_UNUSED_FUNCTION = YES;
				GCC_WARN_UNUSED_VARIABLE = YES;
				IPHONEOS_DEPLOYMENT_TARGET = 9.2;
				MTL_ENABLE_DEBUG_INFO = NO;
				SDKROOT = iphoneos;
				TARGETED_DEVICE_FAMILY = "1,2";
				VALIDATE_PRODUCT = YES;
			};
			name = Release;
		};
		B218441D1C51B97900EDF327 /* Debug */ = {
			isa = XCBuildConfiguration;
			buildSettings = {
				ASSETCATALOG_COMPILER_APPICON_NAME = AppIcon;
				INFOPLIST_FILE = weatherApp/Info.plist;
				LD_RUNPATH_SEARCH_PATHS = "$(inherited) @executable_path/Frameworks";
				PRODUCT_BUNDLE_IDENTIFIER = com.stollensoft.weatherApp;
				PRODUCT_NAME = "$(TARGET_NAME)";
			};
			name = Debug;
		};
		B218441E1C51B97900EDF327 /* Release */ = {
			isa = XCBuildConfiguration;
			buildSettings = {
				ASSETCATALOG_COMPILER_APPICON_NAME = AppIcon;
				INFOPLIST_FILE = weatherApp/Info.plist;
				LD_RUNPATH_SEARCH_PATHS = "$(inherited) @executable_path/Frameworks";
				PRODUCT_BUNDLE_IDENTIFIER = com.stollensoft.weatherApp;
				PRODUCT_NAME = "$(TARGET_NAME)";
			};
			name = Release;
		};
/* End XCBuildConfiguration section */

/* Begin XCConfigurationList section */
		B21844051C51B97900EDF327 /* Build configuration list for PBXProject "weatherApp" */ = {
			isa = XCConfigurationList;
			buildConfigurations = (
				B218441A1C51B97900EDF327 /* Debug */,
				B218441B1C51B97900EDF327 /* Release */,
			);
			defaultConfigurationIsVisible = 0;
			defaultConfigurationName = Release;
		};
		B218441C1C51B97900EDF327 /* Build configuration list for PBXNativeTarget "weatherApp" */ = {
			isa = XCConfigurationList;
			buildConfigurations = (
				B218441D1C51B97900EDF327 /* Debug */,
				B218441E1C51B97900EDF327 /* Release */,
			);
			defaultConfigurationIsVisible = 0;
		};
/* End XCConfigurationList section */
	};
	rootObject = B21844021C51B97900EDF327 /* Project object */;
}
